
Microsoft Visual Studio Solution File, Format Version 12.00
# Visual Studio 2013
VisualStudioVersion = 12.0.31101.0
MinimumVisualStudioVersion = 10.0.40219.1
Project("{FAE04EC0-301F-11D3-BF4B-00C04F79EFBC}") = "OData2Poco", "OData2PocoLib\OData2Poco.csproj", "{BCC5139D-A1C0-46E7-ABA7-72E9660607DE}"
EndProject
Project("{FAE04EC0-301F-11D3-BF4B-00C04F79EFBC}") = "OData2PocoConsoleTest", "OData2PocoConsole\OData2PocoConsoleTest.csproj", "{4E3533A8-B294-4C86-AC87-9C0F1E21F1B4}"
EndProject
Project("{FAE04EC0-301F-11D3-BF4B-00C04F79EFBC}") = "OData2Poco.Tests", "OData2Poco.Tests\OData2Poco.Tests.csproj", "{8B8935C5-5F10-4D96-9434-3A455A6BDAEA}"
EndProject
Project("{FAE04EC0-301F-11D3-BF4B-00C04F79EFBC}") = "OData2Poco.CommandLine", "OData2Poco.CommandLine\OData2Poco.CommandLine.csproj", "{59C02B8C-7388-490A-801C-AEA5244E3879}"
EndProject
Project("{FAE04EC0-301F-11D3-BF4B-00C04F79EFBC}") = "OData2Poco.CommandLine.Test", "OData2Poco.CommandLine.Test\OData2Poco.CommandLine.Test.csproj", "{3C05AB7B-2D2A-400A-AEDD-9DDE69566DF4}"
EndProject
Project("{2150E333-8FDC-42A3-9474-1A3956D46DE8}") = "Solution Items", "Solution Items", "{5CE1A01D-B4EE-45F0-9E97-2DA9AA53FA13}"
	ProjectSection(SolutionItems) = preProject
		.travis.yml = .travis.yml
		appveyor.yml = appveyor.yml
		packages.config = packages.config
		README.md = README.md
	EndProjectSection
EndProject
Global
	GlobalSection(SolutionConfigurationPlatforms) = preSolution
		Debug|Any CPU = Debug|Any CPU
		Release|Any CPU = Release|Any CPU
	EndGlobalSection
	GlobalSection(ProjectConfigurationPlatforms) = postSolution
		{BCC5139D-A1C0-46E7-ABA7-72E9660607DE}.Debug|Any CPU.ActiveCfg = Debug|Any CPU
		{BCC5139D-A1C0-46E7-ABA7-72E9660607DE}.Debug|Any CPU.Build.0 = Debug|Any CPU
		{BCC5139D-A1C0-46E7-ABA7-72E9660607DE}.Release|Any CPU.ActiveCfg = Release|Any CPU
		{BCC5139D-A1C0-46E7-ABA7-72E9660607DE}.Release|Any CPU.Build.0 = Release|Any CPU
		{4E3533A8-B294-4C86-AC87-9C0F1E21F1B4}.Debug|Any CPU.ActiveCfg = Debug|Any CPU
		{4E3533A8-B294-4C86-AC87-9C0F1E21F1B4}.Debug|Any CPU.Build.0 = Debug|Any CPU
		{4E3533A8-B294-4C86-AC87-9C0F1E21F1B4}.Release|Any CPU.ActiveCfg = Release|Any CPU
		{4E3533A8-B294-4C86-AC87-9C0F1E21F1B4}.Release|Any CPU.Build.0 = Release|Any CPU
		{8B8935C5-5F10-4D96-9434-3A455A6BDAEA}.Debug|Any CPU.ActiveCfg = Debug|Any CPU
		{8B8935C5-5F10-4D96-9434-3A455A6BDAEA}.Debug|Any CPU.Build.0 = Debug|Any CPU
		{8B8935C5-5F10-4D96-9434-3A455A6BDAEA}.Release|Any CPU.ActiveCfg = Release|Any CPU
		{8B8935C5-5F10-4D96-9434-3A455A6BDAEA}.Release|Any CPU.Build.0 = Release|Any CPU
		{59C02B8C-7388-490A-801C-AEA5244E3879}.Debug|Any CPU.ActiveCfg = Debug|Any CPU
		{59C02B8C-7388-490A-801C-AEA5244E3879}.Debug|Any CPU.Build.0 = Debug|Any CPU
		{59C02B8C-7388-490A-801C-AEA5244E3879}.Release|Any CPU.ActiveCfg = Release|Any CPU
		{59C02B8C-7388-490A-801C-AEA5244E3879}.Release|Any CPU.Build.0 = Release|Any CPU
		{3C05AB7B-2D2A-400A-AEDD-9DDE69566DF4}.Debug|Any CPU.ActiveCfg = Debug|Any CPU
		{3C05AB7B-2D2A-400A-AEDD-9DDE69566DF4}.Debug|Any CPU.Build.0 = Debug|Any CPU
		{3C05AB7B-2D2A-400A-AEDD-9DDE69566DF4}.Release|Any CPU.ActiveCfg = Release|Any CPU
		{3C05AB7B-2D2A-400A-AEDD-9DDE69566DF4}.Release|Any CPU.Build.0 = Release|Any CPU
	EndGlobalSection
	GlobalSection(SolutionProperties) = preSolution
		HideSolutionNode = FALSE
	EndGlobalSection
EndGlobal
